
Microsoft Visual Studio Solution File, Format Version 12.00
# Visual Studio 14
VisualStudioVersion = 14.0.25420.1
MinimumVisualStudioVersion = 10.0.40219.1
Project("{2150E333-8FDC-42A3-9474-1A3956D46DE8}") = "Creational", "Creational", "{D7F1D425-7C40-4C4C-9AE4-84A3E43C92E6}"
EndProject
Project("{2150E333-8FDC-42A3-9474-1A3956D46DE8}") = "Structural", "Structural", "{28EB07E7-E920-4D36-8FCA-3AE86ADF41BC}"
EndProject
Project("{2150E333-8FDC-42A3-9474-1A3956D46DE8}") = "Behavioral", "Behavioral", "{98E45D55-40C7-43A4-B86B-CA8116D7CF70}"
EndProject
Project("{FAE04EC0-301F-11D3-BF4B-00C04F79EFBC}") = "FactoryPattern", "FactoryPattern\FactoryPattern.csproj", "{683FD9CD-8B9A-483C-80CE-34BBEA548519}"
EndProject
Project("{FAE04EC0-301F-11D3-BF4B-00C04F79EFBC}") = "AbstractFactoryPattern", "AbstractFactoryPattern\AbstractFactoryPattern.csproj", "{8CE706D5-6947-4BD6-B5EB-E324210951E4}"
EndProject
Project("{FAE04EC0-301F-11D3-BF4B-00C04F79EFBC}") = "SingeltonDesignPattern", "SingeltonDesignPattern\SingeltonDesignPattern.csproj", "{BEEDD211-4364-491E-BFAB-2B8728AA6512}"
EndProject
Project("{FAE04EC0-301F-11D3-BF4B-00C04F79EFBC}") = "BuillderDesignPattern", "BuillderDesignPattern\BuillderDesignPattern.csproj", "{A5C54C9F-7EF1-4131-8E9F-30189FD6C06D}"
EndProject
Project("{FAE04EC0-301F-11D3-BF4B-00C04F79EFBC}") = "PrototypeDesignPattern", "PrototypeDesignPattern\PrototypeDesignPattern.csproj", "{4A09BD5C-5DF9-4452-A428-521F4CBC5262}"
EndProject
Project("{FAE04EC0-301F-11D3-BF4B-00C04F79EFBC}") = "ChainOfResponsibility", "ChainOfResponsibility\ChainOfResponsibility.csproj", "{7C4CF603-7D8F-4F5C-BBA3-AE4B20DB1E5B}"
EndProject
Project("{FAE04EC0-301F-11D3-BF4B-00C04F79EFBC}") = "FacadeDesignPattern", "FacadeDesignPattern\FacadeDesignPattern.csproj", "{4A83FFA0-6759-4CF4-B962-224BF0AB42A3}"
EndProject
Global
	GlobalSection(SolutionConfigurationPlatforms) = preSolution
		Debug|Any CPU = Debug|Any CPU
		Release|Any CPU = Release|Any CPU
	EndGlobalSection
	GlobalSection(ProjectConfigurationPlatforms) = postSolution
		{683FD9CD-8B9A-483C-80CE-34BBEA548519}.Debug|Any CPU.ActiveCfg = Debug|Any CPU
		{683FD9CD-8B9A-483C-80CE-34BBEA548519}.Debug|Any CPU.Build.0 = Debug|Any CPU
		{683FD9CD-8B9A-483C-80CE-34BBEA548519}.Release|Any CPU.ActiveCfg = Release|Any CPU
		{683FD9CD-8B9A-483C-80CE-34BBEA548519}.Release|Any CPU.Build.0 = Release|Any CPU
		{8CE706D5-6947-4BD6-B5EB-E324210951E4}.Debug|Any CPU.ActiveCfg = Debug|Any CPU
		{8CE706D5-6947-4BD6-B5EB-E324210951E4}.Debug|Any CPU.Build.0 = Debug|Any CPU
		{8CE706D5-6947-4BD6-B5EB-E324210951E4}.Release|Any CPU.ActiveCfg = Release|Any CPU
		{8CE706D5-6947-4BD6-B5EB-E324210951E4}.Release|Any CPU.Build.0 = Release|Any CPU
		{BEEDD211-4364-491E-BFAB-2B8728AA6512}.Debug|Any CPU.ActiveCfg = Debug|Any CPU
		{BEEDD211-4364-491E-BFAB-2B8728AA6512}.Debug|Any CPU.Build.0 = Debug|Any CPU
		{BEEDD211-4364-491E-BFAB-2B8728AA6512}.Release|Any CPU.ActiveCfg = Release|Any CPU
		{BEEDD211-4364-491E-BFAB-2B8728AA6512}.Release|Any CPU.Build.0 = Release|Any CPU
		{A5C54C9F-7EF1-4131-8E9F-30189FD6C06D}.Debug|Any CPU.ActiveCfg = Debug|Any CPU
		{A5C54C9F-7EF1-4131-8E9F-30189FD6C06D}.Debug|Any CPU.Build.0 = Debug|Any CPU
		{A5C54C9F-7EF1-4131-8E9F-30189FD6C06D}.Release|Any CPU.ActiveCfg = Release|Any CPU
		{A5C54C9F-7EF1-4131-8E9F-30189FD6C06D}.Release|Any CPU.Build.0 = Release|Any CPU
		{4A09BD5C-5DF9-4452-A428-521F4CBC5262}.Debug|Any CPU.ActiveCfg = Debug|Any CPU
		{4A09BD5C-5DF9-4452-A428-521F4CBC5262}.Debug|Any CPU.Build.0 = Debug|Any CPU
		{4A09BD5C-5DF9-4452-A428-521F4CBC5262}.Release|Any CPU.ActiveCfg = Release|Any CPU
		{4A09BD5C-5DF9-4452-A428-521F4CBC5262}.Release|Any CPU.Build.0 = Release|Any CPU
		{7C4CF603-7D8F-4F5C-BBA3-AE4B20DB1E5B}.Debug|Any CPU.ActiveCfg = Debug|Any CPU
		{7C4CF603-7D8F-4F5C-BBA3-AE4B20DB1E5B}.Debug|Any CPU.Build.0 = Debug|Any CPU
		{7C4CF603-7D8F-4F5C-BBA3-AE4B20DB1E5B}.Release|Any CPU.ActiveCfg = Release|Any CPU
		{7C4CF603-7D8F-4F5C-BBA3-AE4B20DB1E5B}.Release|Any CPU.Build.0 = Release|Any CPU
		{4A83FFA0-6759-4CF4-B962-224BF0AB42A3}.Debug|Any CPU.ActiveCfg = Debug|Any CPU
		{4A83FFA0-6759-4CF4-B962-224BF0AB42A3}.Debug|Any CPU.Build.0 = Debug|Any CPU
		{4A83FFA0-6759-4CF4-B962-224BF0AB42A3}.Release|Any CPU.ActiveCfg = Release|Any CPU
		{4A83FFA0-6759-4CF4-B962-224BF0AB42A3}.Release|Any CPU.Build.0 = Release|Any CPU
	EndGlobalSection
	GlobalSection(SolutionProperties) = preSolution
		HideSolutionNode = FALSE
	EndGlobalSection
	GlobalSection(NestedProjects) = preSolution
		{683FD9CD-8B9A-483C-80CE-34BBEA548519} = {D7F1D425-7C40-4C4C-9AE4-84A3E43C92E6}
		{8CE706D5-6947-4BD6-B5EB-E324210951E4} = {D7F1D425-7C40-4C4C-9AE4-84A3E43C92E6}
		{BEEDD211-4364-491E-BFAB-2B8728AA6512} = {D7F1D425-7C40-4C4C-9AE4-84A3E43C92E6}
		{A5C54C9F-7EF1-4131-8E9F-30189FD6C06D} = {D7F1D425-7C40-4C4C-9AE4-84A3E43C92E6}
		{4A09BD5C-5DF9-4452-A428-521F4CBC5262} = {D7F1D425-7C40-4C4C-9AE4-84A3E43C92E6}
		{7C4CF603-7D8F-4F5C-BBA3-AE4B20DB1E5B} = {98E45D55-40C7-43A4-B86B-CA8116D7CF70}
		{4A83FFA0-6759-4CF4-B962-224BF0AB42A3} = {28EB07E7-E920-4D36-8FCA-3AE86ADF41BC}
	EndGlobalSection
EndGlobal
